Microsoft Visual Studio Solution File, Format Version 12.00
# Visual Studio Version 16
VisualStudioVersion = 16.0.0.0
MinimumVisualStudioVersion = 16.0.0.0
Project("{9A19103F-16F7-4668-BE54-9A1E7A4F7556}") = "HaloStats.Web.Server", "Server\HaloStats.Web.Server.csproj", "{25605825-26E6-448E-A2B4-7C5C05E9AF98}"
EndProject
Project("{9A19103F-16F7-4668-BE54-9A1E7A4F7556}") = "HaloStats.Web.Client", "Client\HaloStats.Web.Client.csproj", "{321B2303-513F-4A5F-B008-FCFE867E4821}"
EndProject
Project("{9A19103F-16F7-4668-BE54-9A1E7A4F7556}") = "HaloStats.Web.Shared", "Shared\HaloStats.Web.Shared.csproj", "{FDED0378-5887-48D3-B7ED-2F75A0251AED}"
EndProject
Global
	GlobalSection(SolutionConfigurationPlatforms) = preSolution
		Debug|Any CPU = Debug|Any CPU
		Debug|x64 = Debug|x64
		Debug|x86 = Debug|x86
		Release|Any CPU = Release|Any CPU
		Release|x64 = Release|x64
		Release|x86 = Release|x86
	EndGlobalSection
	GlobalSection(ProjectConfigurationPlatforms) = postSolution
		{321B2303-513F-4A5F-B008-FCFE867E4821}.Debug|Any CPU.ActiveCfg = Debug|Any CPU
		{321B2303-513F-4A5F-B008-FCFE867E4821}.Debug|Any CPU.Build.0 = Debug|Any CPU
		{321B2303-513F-4A5F-B008-FCFE867E4821}.Debug|x64.ActiveCfg = Debug|Any CPU
		{321B2303-513F-4A5F-B008-FCFE867E4821}.Debug|x64.Build.0 = Debug|Any CPU
		{321B2303-513F-4A5F-B008-FCFE867E4821}.Debug|x86.ActiveCfg = Debug|Any CPU
		{321B2303-513F-4A5F-B008-FCFE867E4821}.Debug|x86.Build.0 = Debug|Any CPU
		{321B2303-513F-4A5F-B008-FCFE867E4821}.Release|Any CPU.ActiveCfg = Release|Any CPU
		{321B2303-513F-4A5F-B008-FCFE867E4821}.Release|Any CPU.Build.0 = Release|Any CPU
		{321B2303-513F-4A5F-B008-FCFE867E4821}.Release|x64.ActiveCfg = Release|Any CPU
		{321B2303-513F-4A5F-B008-FCFE867E4821}.Release|x64.Build.0 = Release|Any CPU
		{321B2303-513F-4A5F-B008-FCFE867E4821}.Release|x86.ActiveCfg = Release|Any CPU
		{321B2303-513F-4A5F-B008-FCFE867E4821}.Release|x86.Build.0 = Release|Any CPU
		{25605825-26E6-448E-A2B4-7C5C05E9AF98}.Debug|Any CPU.ActiveCfg = Debug|Any CPU
		{25605825-26E6-448E-A2B4-7C5C05E9AF98}.Debug|Any CPU.Build.0 = Debug|Any CPU
		{25605825-26E6-448E-A2B4-7C5C05E9AF98}.Debug|x64.ActiveCfg = Debug|Any CPU
		{25605825-26E6-448E-A2B4-7C5C05E9AF98}.Debug|x64.Build.0 = Debug|Any CPU
		{25605825-26E6-448E-A2B4-7C5C05E9AF98}.Debug|x86.ActiveCfg = Debug|Any CPU
		{25605825-26E6-448E-A2B4-7C5C05E9AF98}.Debug|x86.Build.0 = Debug|Any CPU
		{25605825-26E6-448E-A2B4-7C5C05E9AF98}.Release|Any CPU.ActiveCfg = Release|Any CPU
		{25605825-26E6-448E-A2B4-7C5C05E9AF98}.Release|Any CPU.Build.0 = Release|Any CPU
		{25605825-26E6-448E-A2B4-7C5C05E9AF98}.Release|x64.ActiveCfg = Release|Any CPU
		{25605825-26E6-448E-A2B4-7C5C05E9AF98}.Release|x64.Build.0 = Release|Any CPU
		{25605825-26E6-448E-A2B4-7C5C05E9AF98}.Release|x86.ActiveCfg = Release|Any CPU
		{25605825-26E6-448E-A2B4-7C5C05E9AF98}.Release|x86.Build.0 = Release|Any CPU
		{FDED0378-5887-48D3-B7ED-2F75A0251AED}.Debug|Any CPU.ActiveCfg = Debug|Any CPU
		{FDED0378-5887-48D3-B7ED-2F75A0251AED}.Debug|Any CPU.Build.0 = Debug|Any CPU
		{FDED0378-5887-48D3-B7ED-2F75A0251AED}.Debug|x64.ActiveCfg = Debug|Any CPU
		{FDED0378-5887-48D3-B7ED-2F75A0251AED}.Debug|x64.Build.0 = Debug|Any CPU
		{FDED0378-5887-48D3-B7ED-2F75A0251AED}.Debug|x86.ActiveCfg = Debug|Any CPU
		{FDED0378-5887-48D3-B7ED-2F75A0251AED}.Debug|x86.Build.0 = Debug|Any CPU
		{FDED0378-5887-48D3-B7ED-2F75A0251AED}.Release|Any CPU.ActiveCfg = Release|Any CPU
		{FDED0378-5887-48D3-B7ED-2F75A0251AED}.Release|Any CPU.Build.0 = Release|Any CPU
		{FDED0378-5887-48D3-B7ED-2F75A0251AED}.Release|x64.ActiveCfg = Release|Any CPU
		{FDED0378-5887-48D3-B7ED-2F75A0251AED}.Release|x64.Build.0 = Release|Any CPU
		{FDED0378-5887-48D3-B7ED-2F75A0251AED}.Release|x86.ActiveCfg = Release|Any CPU
		{FDED0378-5887-48D3-B7ED-2F75A0251AED}.Release|x86.Build.0 = Release|Any CPU
	EndGlobalSection
	GlobalSection(SolutionProperties) = preSolution
		HideSolutionNode = FALSE
	EndGlobalSection
	GlobalSection(ExtensibilityGlobals) = postSolution
		SolutionGuid = {57F3D1DF-C338-44BF-9A62-ACAD8A886042}
	EndGlobalSection
EndGlobal